# THIS IS AN AUTOGENERATED FILE. DO NOT EDIT THIS FILE DIRECTLY.
# yarn lockfile v1


pick-me-too@^2.0.0:
  version "2.0.0"
  resolved "https://registry.yarnpkg.com/pick-me-too/-/pick-me-too-2.0.0.tgz#d6f01d8b3a929b15e3afd2b7662e2af63e2dfada"
  integrity sha512-35+A5QmPLyeS/ugiGg9q33+fTx0L/5jFVRY++fqklkZdQzQAwtjRTFQm5EbsWcU7Fie4RiRL9I6QCCKiWAWIhQ==

typescript@^5.0.4:
  version "5.0.4"
  resolved "https://registry.yarnpkg.com/typescript/-/typescript-5.0.4.tgz#b217fd20119bd61a94d4011274e0ab369058da3b"
  integrity sha512-cW9T5W9xY37cc+jfEnaUvX91foxtHkza3Nw3wkoF4sSlKn0MONdkdEndig/qPBWXNkmplh3NzayQzCiHM4/hqw==

voynich-ipsum@^1.2.0:
  version "1.2.0"
  resolved "https://registry.yarnpkg.com/voynich-ipsum/-/voynich-ipsum-1.2.0.tgz#251d8a69d43d7c189ff23d0cb7436aaea2dae3d5"
  integrity sha512-UBs5uHUPgrB/ELabsLH0EYU8Bwdk3rGbPecXQ22pCEE2tLHdDrLH0S/KpV/YOIj4A0ywVNZ64GWnvWaRpP5J4Q==
  dependencies:
    pick-me-too "^2.0.0"
